// !$*UTF8*$!
{
	archiveVersion = 1;
	classes = {
	};
	objectVersion = 50;
	objects = {

/* Begin PBXBuildFile section */
		19714E5924FFCB490089D118 /* DisplayViewController.swift in Sources */ = {isa = PBXBuildFile; fileRef = 19714E5824FFCB490089D118 /* DisplayViewController.swift */; };
		19714E5B24FFCB620089D118 /* ButtonsViewController.swift in Sources */ = {isa = PBXBuildFile; fileRef = 19714E5A24FFCB620089D118 /* ButtonsViewController.swift */; };
		19714E5E24FFD2570089D118 /* SimpleButtonCollectionViewCell.swift in Sources */ = {isa = PBXBuildFile; fileRef = 19714E5C24FFD2570089D118 /* SimpleButtonCollectionViewCell.swift */; };
		19714E5F24FFD2570089D118 /* SimpleButtonCollectionViewCell.xib in Resources */ = {isa = PBXBuildFile; fileRef = 19714E5D24FFD2570089D118 /* SimpleButtonCollectionViewCell.xib */; };
		19BC97C924FFA27D0010007D /* AppDelegate.swift in Sources */ = {isa = PBXBuildFile; fileRef = 19BC97C824FFA27D0010007D /* AppDelegate.swift */; };
		19BC97CB24FFA27D0010007D /* SceneDelegate.swift in Sources */ = {isa = PBXBuildFile; fileRef = 19BC97CA24FFA27D0010007D /* SceneDelegate.swift */; };
		19BC97D024FFA27D0010007D /* Main.storyboard in Resources */ = {isa = PBXBuildFile; fileRef = 19BC97CE24FFA27D0010007D /* Main.storyboard */; };
		19BC97D224FFA27F0010007D /* Assets.xcassets in Resources */ = {isa = PBXBuildFile; fileRef = 19BC97D124FFA27F0010007D /* Assets.xcassets */; };
		19BC97D524FFA27F0010007D /* LaunchScreen.storyboard in Resources */ = {isa = PBXBuildFile; fileRef = 19BC97D324FFA27F0010007D /* LaunchScreen.storyboard */; };
		19BC97E024FFA27F0010007D /* CalculatorTests.swift in Sources */ = {isa = PBXBuildFile; fileRef = 19BC97DF24FFA27F0010007D /* CalculatorTests.swift */; };
		19BC97EB24FFA27F0010007D /* CalculatorUITests.swift in Sources */ = {isa = PBXBuildFile; fileRef = 19BC97EA24FFA27F0010007D /* CalculatorUITests.swift */; };
		19BC97F924FFA2A50010007D /* MainViewController.swift in Sources */ = {isa = PBXBuildFile; fileRef = 19BC97F824FFA2A50010007D /* MainViewController.swift */; };
/* End PBXBuildFile section */

/* Begin PBXContainerItemProxy section */
		19BC97DC24FFA27F0010007D /* PBXContainerItemProxy */ = {
			isa = PBXContainerItemProxy;
			containerPortal = 19BC97BD24FFA27C0010007D /* Project object */;
			proxyType = 1;
			remoteGlobalIDString = 19BC97C424FFA27D0010007D;
			remoteInfo = Calculator;
		};
		19BC97E724FFA27F0010007D /* PBXContainerItemProxy */ = {
			isa = PBXContainerItemProxy;
			containerPortal = 19BC97BD24FFA27C0010007D /* Project object */;
			proxyType = 1;
			remoteGlobalIDString = 19BC97C424FFA27D0010007D;
			remoteInfo = Calculator;
		};
/* End PBXContainerItemProxy section */

/* Begin PBXFileReference section */
		19714E5824FFCB490089D118 /* DisplayViewController.swift */ = {isa = PBXFileReference; lastKnownFileType = sourcecode.swift; path = DisplayViewController.swift; sourceTree = "<group>"; };
		19714E5A24FFCB620089D118 /* ButtonsViewController.swift */ = {isa = PBXFileReference; lastKnownFileType = sourcecode.swift; path = ButtonsViewController.swift; sourceTree = "<group>"; };
		19714E5C24FFD2570089D118 /* SimpleButtonCollectionViewCell.swift */ = {isa = PBXFileReference; lastKnownFileType = sourcecode.swift; path = SimpleButtonCollectionViewCell.swift; sourceTree = "<group>"; };
		19714E5D24FFD2570089D118 /* SimpleButtonCollectionViewCell.xib */ = {isa = PBXFileReference; lastKnownFileType = file.xib; path = SimpleButtonCollectionViewCell.xib; sourceTree = "<group>"; };
		19BC97C524FFA27D0010007D /* Calculator.app */ = {isa = PBXFileReference; explicitFileType = wrapper.application; includeInIndex = 0; path = Calculator.app; sourceTree = BUILT_PRODUCTS_DIR; };
		19BC97C824FFA27D0010007D /* AppDelegate.swift */ = {isa = PBXFileReference; lastKnownFileType = sourcecode.swift; path = AppDelegate.swift; sourceTree = "<group>"; };
		19BC97CA24FFA27D0010007D /* SceneDelegate.swift */ = {isa = PBXFileReference; lastKnownFileType = sourcecode.swift; path = SceneDelegate.swift; sourceTree = "<group>"; };
		19BC97CF24FFA27D0010007D /* Base */ = {isa = PBXFileReference; lastKnownFileType = file.storyboard; name = Base; path = Base.lproj/Main.storyboard; sourceTree = "<group>"; };
		19BC97D124FFA27F0010007D /* Assets.xcassets */ = {isa = PBXFileReference; lastKnownFileType = folder.assetcatalog; path = Assets.xcassets; sourceTree = "<group>"; };
		19BC97D424FFA27F0010007D /* Base */ = {isa = PBXFileReference; lastKnownFileType = file.storyboard; name = Base; path = Base.lproj/LaunchScreen.storyboard; sourceTree = "<group>"; };
		19BC97D624FFA27F0010007D /* Info.plist */ = {isa = PBXFileReference; lastKnownFileType = text.plist.xml; path = Info.plist; sourceTree = "<group>"; };
		19BC97DB24FFA27F0010007D /* CalculatorTests.xctest */ = {isa = PBXFileReference; explicitFileType = wrapper.cfbundle; includeInIndex = 0; path = CalculatorTests.xctest; sourceTree = BUILT_PRODUCTS_DIR; };
		19BC97DF24FFA27F0010007D /* CalculatorTests.swift */ = {isa = PBXFileReference; lastKnownFileType = sourcecode.swift; path = CalculatorTests.swift; sourceTree = "<group>"; };
		19BC97E124FFA27F0010007D /* Info.plist */ = {isa = PBXFileReference; lastKnownFileType = text.plist.xml; path = Info.plist; sourceTree = "<group>"; };
		19BC97E624FFA27F0010007D /* CalculatorUITests.xctest */ = {isa = PBXFileReference; explicitFileType = wrapper.cfbundle; includeInIndex = 0; path = CalculatorUITests.xctest; sourceTree = BUILT_PRODUCTS_DIR; };
		19BC97EA24FFA27F0010007D /* CalculatorUITests.swift */ = {isa = PBXFileReference; lastKnownFileType = sourcecode.swift; path = CalculatorUITests.swift; sourceTree = "<group>"; };
		19BC97EC24FFA27F0010007D /* Info.plist */ = {isa = PBXFileReference; lastKnownFileType = text.plist.xml; path = Info.plist; sourceTree = "<group>"; };
		19BC97F824FFA2A50010007D /* MainViewController.swift */ = {isa = PBXFileReference; lastKnownFileType = sourcecode.swift; path = MainViewController.swift; sourceTree = "<group>"; };
/* End PBXFileReference section */

/* Begin PBXFrameworksBuildPhase section */
		19BC97C224FFA27D0010007D /* Frameworks */ = {
			isa = PBXFrameworksBuildPhase;
			buildActionMask = 2147483647;
			files = (
			);
			runOnlyForDeploymentPostprocessing = 0;
		};
		19BC97D824FFA27F0010007D /* Frameworks */ = {
			isa = PBXFrameworksBuildPhase;
			buildActionMask = 2147483647;
			files = (
			);
			runOnlyForDeploymentPostprocessing = 0;
		};
		19BC97E324FFA27F0010007D /* Frameworks */ = {
			isa = PBXFrameworksBuildPhase;
			buildActionMask = 2147483647;
			files = (
			);
			runOnlyForDeploymentPostprocessing = 0;
		};
/* End PBXFrameworksBuildPhase section */

/* Begin PBXGroup section */
		19714E5124FFCAFF0089D118 /* View */ = {
			isa = PBXGroup;
			children = (
				19714E5C24FFD2570089D118 /* SimpleButtonCollectionViewCell.swift */,
				19714E5D24FFD2570089D118 /* SimpleButtonCollectionViewCell.xib */,
			);
			path = View;
			sourceTree = "<group>";
		};
		19714E5224FFCB040089D118 /* Model */ = {
			isa = PBXGroup;
			children = (
			);
			path = Model;
			sourceTree = "<group>";
		};
		19714E5324FFCB060089D118 /* Controller */ = {
			isa = PBXGroup;
			children = (
				19BC97F824FFA2A50010007D /* MainViewController.swift */,
				19714E5824FFCB490089D118 /* DisplayViewController.swift */,
				19714E5A24FFCB620089D118 /* ButtonsViewController.swift */,
			);
			path = Controller;
			sourceTree = "<group>";
		};
		19BC97BC24FFA27C0010007D = {
			isa = PBXGroup;
			children = (
				19BC97C724FFA27D0010007D /* Calculator */,
				19BC97DE24FFA27F0010007D /* CalculatorTests */,
				19BC97E924FFA27F0010007D /* CalculatorUITests */,
				19BC97C624FFA27D0010007D /* Products */,
			);
			sourceTree = "<group>";
		};
		19BC97C624FFA27D0010007D /* Products */ = {
			isa = PBXGroup;
			children = (
				19BC97C524FFA27D0010007D /* Calculator.app */,
				19BC97DB24FFA27F0010007D /* CalculatorTests.xctest */,
				19BC97E624FFA27F0010007D /* CalculatorUITests.xctest */,
			);
			name = Products;
			sourceTree = "<group>";
		};
		19BC97C724FFA27D0010007D /* Calculator */ = {
			isa = PBXGroup;
			children = (
				19714E5324FFCB060089D118 /* Controller */,
				19714E5224FFCB040089D118 /* Model */,
				19714E5124FFCAFF0089D118 /* View */,
				19BC97C824FFA27D0010007D /* AppDelegate.swift */,
				19BC97CA24FFA27D0010007D /* SceneDelegate.swift */,
				19BC97CE24FFA27D0010007D /* Main.storyboard */,
				19BC97D124FFA27F0010007D /* Assets.xcassets */,
				19BC97D324FFA27F0010007D /* LaunchScreen.storyboard */,
				19BC97D624FFA27F0010007D /* Info.plist */,
			);
			path = Calculator;
			sourceTree = "<group>";
		};
		19BC97DE24FFA27F0010007D /* CalculatorTests */ = {
			isa = PBXGroup;
			children = (
				19BC97DF24FFA27F0010007D /* CalculatorTests.swift */,
				19BC97E124FFA27F0010007D /* Info.plist */,
			);
			path = CalculatorTests;
			sourceTree = "<group>";
		};
		19BC97E924FFA27F0010007D /* CalculatorUITests */ = {
			isa = PBXGroup;
			children = (
				19BC97EA24FFA27F0010007D /* CalculatorUITests.swift */,
				19BC97EC24FFA27F0010007D /* Info.plist */,
			);
			path = CalculatorUITests;
			sourceTree = "<group>";
		};
/* End PBXGroup section */

/* Begin PBXNativeTarget section */
		19BC97C424FFA27D0010007D /* Calculator */ = {
			isa = PBXNativeTarget;
			buildConfigurationList = 19BC97EF24FFA27F0010007D /* Build configuration list for PBXNativeTarget "Calculator" */;
			buildPhases = (
				19BC97C124FFA27D0010007D /* Sources */,
				19BC97C224FFA27D0010007D /* Frameworks */,
				19BC97C324FFA27D0010007D /* Resources */,
			);
			buildRules = (
			);
			dependencies = (
			);
			name = Calculator;
			productName = Calculator;
			productReference = 19BC97C524FFA27D0010007D /* Calculator.app */;
			productType = "com.apple.product-type.application";
		};
		19BC97DA24FFA27F0010007D /* CalculatorTests */ = {
			isa = PBXNativeTarget;
			buildConfigurationList = 19BC97F224FFA27F0010007D /* Build configuration list for PBXNativeTarget "CalculatorTests" */;
			buildPhases = (
				19BC97D724FFA27F0010007D /* Sources */,
				19BC97D824FFA27F0010007D /* Frameworks */,
				19BC97D924FFA27F0010007D /* Resources */,
			);
			buildRules = (
			);
			dependencies = (
				19BC97DD24FFA27F0010007D /* PBXTargetDependency */,
			);
			name = CalculatorTests;
			productName = CalculatorTests;
			productReference = 19BC97DB24FFA27F0010007D /* CalculatorTests.xctest */;
			productType = "com.apple.product-type.bundle.unit-test";
		};
		19BC97E524FFA27F0010007D /* CalculatorUITests */ = {
			isa = PBXNativeTarget;
			buildConfigurationList = 19BC97F524FFA27F0010007D /* Build configuration list for PBXNativeTarget "CalculatorUITests" */;
			buildPhases = (
				19BC97E224FFA27F0010007D /* Sources */,
				19BC97E324FFA27F0010007D /* Frameworks */,
				19BC97E424FFA27F0010007D /* Resources */,
			);
			buildRules = (
			);
			dependencies = (
				19BC97E824FFA27F0010007D /* PBXTargetDependency */,
			);
			name = CalculatorUITests;
			productName = CalculatorUITests;
			productReference = 19BC97E624FFA27F0010007D /* CalculatorUITests.xctest */;
			productType = "com.apple.product-type.bundle.ui-testing";
		};
/* End PBXNativeTarget section */

/* Begin PBXProject section */
		19BC97BD24FFA27C0010007D /* Project object */ = {
			isa = PBXProject;
			attributes = {
				LastSwiftUpdateCheck = 1170;
				LastUpgradeCheck = 1170;
				ORGANIZATIONNAME = "Aleix Diaz Baggerman";
				TargetAttributes = {
					19BC97C424FFA27D0010007D = {
						CreatedOnToolsVersion = 11.7;
						LastSwiftMigration = 1170;
					};
					19BC97DA24FFA27F0010007D = {
						CreatedOnToolsVersion = 11.7;
						TestTargetID = 19BC97C424FFA27D0010007D;
					};
					19BC97E524FFA27F0010007D = {
						CreatedOnToolsVersion = 11.7;
						TestTargetID = 19BC97C424FFA27D0010007D;
					};
				};
			};
			buildConfigurationList = 19BC97C024FFA27C0010007D /* Build configuration list for PBXProject "Calculator" */;
			compatibilityVersion = "Xcode 9.3";
			developmentRegion = en;
			hasScannedForEncodings = 0;
			knownRegions = (
				en,
				Base,
			);
			mainGroup = 19BC97BC24FFA27C0010007D;
			productRefGroup = 19BC97C624FFA27D0010007D /* Products */;
			projectDirPath = "";
			projectRoot = "";
			targets = (
				19BC97C424FFA27D0010007D /* Calculator */,
				19BC97DA24FFA27F0010007D /* CalculatorTests */,
				19BC97E524FFA27F0010007D /* CalculatorUITests */,
			);
		};
/* End PBXProject section */

/* Begin PBXResourcesBuildPhase section */
		19BC97C324FFA27D0010007D /* Resources */ = {
			isa = PBXResourcesBuildPhase;
			buildActionMask = 2147483647;
			files = (
				19714E5F24FFD2570089D118 /* SimpleButtonCollectionViewCell.xib in Resources */,
				19BC97D524FFA27F0010007D /* LaunchScreen.storyboard in Resources */,
				19BC97D224FFA27F0010007D /* Assets.xcassets in Resources */,
				19BC97D024FFA27D0010007D /* Main.storyboard in Resources */,
			);
			runOnlyForDeploymentPostprocessing = 0;
		};
		19BC97D924FFA27F0010007D /* Resources */ = {
			isa = PBXResourcesBuildPhase;
			buildActionMask = 2147483647;
			files = (
			);
			runOnlyForDeploymentPostprocessing = 0;
		};
		19BC97E424FFA27F0010007D /* Resources */ = {
			isa = PBXResourcesBuildPhase;
			buildActionMask = 2147483647;
			files = (
			);
			runOnlyForDeploymentPostprocessing = 0;
		};
/* End PBXResourcesBuildPhase section */

/* Begin PBXSourcesBuildPhase section */
		19BC97C124FFA27D0010007D /* Sources */ = {
			isa = PBXSourcesBuildPhase;
			buildActionMask = 2147483647;
			files = (
				19BC97F924FFA2A50010007D /* MainViewController.swift in Sources */,
				19BC97C924FFA27D0010007D /* AppDelegate.swift in Sources */,
				19714E5E24FFD2570089D118 /* SimpleButtonCollectionViewCell.swift in Sources */,
				19714E5B24FFCB620089D118 /* ButtonsViewController.swift in Sources */,
				19BC97CB24FFA27D0010007D /* SceneDelegate.swift in Sources */,
				19714E5924FFCB490089D118 /* DisplayViewController.swift in Sources */,
			);
			runOnlyForDeploymentPostprocessing = 0;
		};
		19BC97D724FFA27F0010007D /* Sources */ = {
			isa = PBXSourcesBuildPhase;
			buildActionMask = 2147483647;
			files = (
				19BC97E024FFA27F0010007D /* CalculatorTests.swift in Sources */,
			);
			runOnlyForDeploymentPostprocessing = 0;
		};
		19BC97E224FFA27F0010007D /* Sources */ = {
			isa = PBXSourcesBuildPhase;
			buildActionMask = 2147483647;
			files = (
				19BC97EB24FFA27F0010007D /* CalculatorUITests.swift in Sources */,
			);
			runOnlyForDeploymentPostprocessing = 0;
		};
/* End PBXSourcesBuildPhase section */

/* Begin PBXTargetDependency section */
		19BC97DD24FFA27F0010007D /* PBXTargetDependency */ = {
			isa = PBXTargetDependency;
			target = 19BC97C424FFA27D0010007D /* Calculator */;
			targetProxy = 19BC97DC24FFA27F0010007D /* PBXContainerItemProxy */;
		};
		19BC97E824FFA27F0010007D /* PBXTargetDependency */ = {
			isa = PBXTargetDependency;
			target = 19BC97C424FFA27D0010007D /* Calculator */;
			targetProxy = 19BC97E724FFA27F0010007D /* PBXContainerItemProxy */;
		};
/* End PBXTargetDependency section */

/* Begin PBXVariantGroup section */
		19BC97CE24FFA27D0010007D /* Main.storyboard */ = {
			isa = PBXVariantGroup;
			children = (
				19BC97CF24FFA27D0010007D /* Base */,
			);
			name = Main.storyboard;
			sourceTree = "<group>";
		};
		19BC97D324FFA27F0010007D /* LaunchScreen.storyboard */ = {
			isa = PBXVariantGroup;
			children = (
				19BC97D424FFA27F0010007D /* Base */,
			);
			name = LaunchScreen.storyboard;
			sourceTree = "<group>";
		};
/* End PBXVariantGroup section */

/* Begin XCBuildConfiguration section */
		19BC97ED24FFA27F0010007D /* Debug */ = {
			isa = XCBuildConfiguration;
			buildSettings = {
				ALWAYS_SEARCH_USER_PATHS = NO;
				CLANG_ANALYZER_NONNULL = YES;
				CLANG_ANALYZER_NUMBER_OBJECT_CONVERSION = YES_AGGRESSIVE;
				CLANG_CXX_LANGUAGE_STANDARD = "gnu++14";
				CLANG_CXX_LIBRARY = "libc++";
				CLANG_ENABLE_MODULES = YES;
				CLANG_ENABLE_OBJC_ARC = YES;
				CLANG_ENABLE_OBJC_WEAK = YES;
				CLANG_WARN_BLOCK_CAPTURE_AUTORELEASING = YES;
				CLANG_WARN_BOOL_CONVERSION = YES;
				CLANG_WARN_COMMA = YES;
				CLANG_WARN_CONSTANT_CONVERSION = YES;
				CLANG_WARN_DEPRECATED_OBJC_IMPLEMENTATIONS = YES;
				CLANG_WARN_DIRECT_OBJC_ISA_USAGE = YES_ERROR;
				CLANG_WARN_DOCUMENTATION_COMMENTS = YES;
				CLANG_WARN_EMPTY_BODY = YES;
				CLANG_WARN_ENUM_CONVERSION = YES;
				CLANG_WARN_INFINITE_RECURSION = YES;
				CLANG_WARN_INT_CONVERSION = YES;
				CLANG_WARN_NON_LITERAL_NULL_CONVERSION = YES;
				CLANG_WARN_OBJC_IMPLICIT_RETAIN_SELF = YES;
				CLANG_WARN_OBJC_LITERAL_CONVERSION = YES;
				CLANG_WARN_OBJC_ROOT_CLASS = YES_ERROR;
				CLANG_WARN_RANGE_LOOP_ANALYSIS = YES;
				CLANG_WARN_STRICT_PROTOTYPES = YES;
				CLANG_WARN_SUSPICIOUS_MOVE = YES;
				CLANG_WARN_UNGUARDED_AVAILABILITY = YES_AGGRESSIVE;
				CLANG_WARN_UNREACHABLE_CODE = YES;
				CLANG_WARN__DUPLICATE_METHOD_MATCH = YES;
				COPY_PHASE_STRIP = NO;
				DEBUG_INFORMATION_FORMAT = dwarf;
				ENABLE_STRICT_OBJC_MSGSEND = YES;
				ENABLE_TESTABILITY = YES;
				GCC_C_LANGUAGE_STANDARD = gnu11;
				GCC_DYNAMIC_NO_PIC = NO;
				GCC_NO_COMMON_BLOCKS = YES;
				GCC_OPTIMIZATION_LEVEL = 0;
				GCC_PREPROCESSOR_DEFINITIONS = (
					"DEBUG=1",
					"$(inherited)",
				);
				GCC_WARN_64_TO_32_BIT_CONVERSION = YES;
				GCC_WARN_ABOUT_RETURN_TYPE = YES_ERROR;
				GCC_WARN_UNDECLARED_SELECTOR = YES;
				GCC_WARN_UNINITIALIZED_AUTOS = YES_AGGRESSIVE;
				GCC_WARN_UNUSED_FUNCTION = YES;
				GCC_WARN_UNUSED_VARIABLE = YES;
				IPHONEOS_DEPLOYMENT_TARGET = 13.7;
				MTL_ENABLE_DEBUG_INFO = INCLUDE_SOURCE;
				MTL_FAST_MATH = YES;
				ONLY_ACTIVE_ARCH = YES;
				SDKROOT = iphoneos;
				SWIFT_ACTIVE_COMPILATION_CONDITIONS = DEBUG;
				SWIFT_OPTIMIZATION_LEVEL = "-Onone";
			};
			name = Debug;
		};
		19BC97EE24FFA27F0010007D /* Release */ = {
			isa = XCBuildConfiguration;
			buildSettings = {
				ALWAYS_SEARCH_USER_PATHS = NO;
				CLANG_ANALYZER_NONNULL = YES;
				CLANG_ANALYZER_NUMBER_OBJECT_CONVERSION = YES_AGGRESSIVE;
				CLANG_CXX_LANGUAGE_STANDARD = "gnu++14";
				CLANG_CXX_LIBRARY = "libc++";
				CLANG_ENABLE_MODULES = YES;
				CLANG_ENABLE_OBJC_ARC = YES;
				CLANG_ENABLE_OBJC_WEAK = YES;
				CLANG_WARN_BLOCK_CAPTURE_AUTORELEASING = YES;
				CLANG_WARN_BOOL_CONVERSION = YES;
				CLANG_WARN_COMMA = YES;
				CLANG_WARN_CONSTANT_CONVERSION = YES;
				CLANG_WARN_DEPRECATED_OBJC_IMPLEMENTATIONS = YES;
				CLANG_WARN_DIRECT_OBJC_ISA_USAGE = YES_ERROR;
				CLANG_WARN_DOCUMENTATION_COMMENTS = YES;
				CLANG_WARN_EMPTY_BODY = YES;
				CLANG_WARN_ENUM_CONVERSION = YES;
				CLANG_WARN_INFINITE_RECURSION = YES;
				CLANG_WARN_INT_CONVERSION = YES;
				CLANG_WARN_NON_LITERAL_NULL_CONVERSION = YES;
				CLANG_WARN_OBJC_IMPLICIT_RETAIN_SELF = YES;
				CLANG_WARN_OBJC_LITERAL_CONVERSION = YES;
				CLANG_WARN_OBJC_ROOT_CLASS = YES_ERROR;
				CLANG_WARN_RANGE_LOOP_ANALYSIS = YES;
				CLANG_WARN_STRICT_PROTOTYPES = YES;
				CLANG_WARN_SUSPICIOUS_MOVE = YES;
				CLANG_WARN_UNGUARDED_AVAILABILITY = YES_AGGRESSIVE;
				CLANG_WARN_UNREACHABLE_CODE = YES;
				CLANG_WARN__DUPLICATE_METHOD_MATCH = YES;
				COPY_PHASE_STRIP = NO;
				DEBUG_INFORMATION_FORMAT = "dwarf-with-dsym";
				ENABLE_NS_ASSERTIONS = NO;
				ENABLE_STRICT_OBJC_MSGSEND = YES;
				GCC_C_LANGUAGE_STANDARD = gnu11;
				GCC_NO_COMMON_BLOCKS = YES;
				GCC_WARN_64_TO_32_BIT_CONVERSION = YES;
				GCC_WARN_ABOUT_RETURN_TYPE = YES_ERROR;
				GCC_WARN_UNDECLARED_SELECTOR = YES;
				GCC_WARN_UNINITIALIZED_AUTOS = YES_AGGRESSIVE;
				GCC_WARN_UNUSED_FUNCTION = YES;
				GCC_WARN_UNUSED_VARIABLE = YES;
				IPHONEOS_DEPLOYMENT_TARGET = 13.7;
				MTL_ENABLE_DEBUG_INFO = NO;
				MTL_FAST_MATH = YES;
				SDKROOT = iphoneos;
				SWIFT_COMPILATION_MODE = wholemodule;
				SWIFT_OPTIMIZATION_LEVEL = "-O";
				VALIDATE_PRODUCT = YES;
			};
			name = Release;
		};
		19BC97F024FFA27F0010007D /* Debug */ = {
			isa = XCBuildConfiguration;
			buildSettings = {
				ASSETCATALOG_COMPILER_APPICON_NAME = AppIcon;
				CLANG_ENABLE_MODULES = YES;
				CODE_SIGN_STYLE = Automatic;
				DEVELOPMENT_TEAM = 647QKX74C8;
				INFOPLIST_FILE = Calculator/Info.plist;
				IPHONEOS_DEPLOYMENT_TARGET = 13.0;
				LD_RUNPATH_SEARCH_PATHS = (
					"$(inherited)",
					"@executable_path/Frameworks",
				);
				PRODUCT_BUNDLE_IDENTIFIER = AleixDiaz.Calculator;
				PRODUCT_NAME = "$(TARGET_NAME)";
				SWIFT_OBJC_BRIDGING_HEADER = "";
				SWIFT_OPTIMIZATION_LEVEL = "-Onone";
				SWIFT_VERSION = 5.0;
				TARGETED_DEVICE_FAMILY = "1,2";
			};
			name = Debug;
		};
		19BC97F124FFA27F0010007D /* Release */ = {
			isa = XCBuildConfiguration;
			buildSettings = {
				ASSETCATALOG_COMPILER_APPICON_NAME = AppIcon;
				CLANG_ENABLE_MODULES = YES;
				CODE_SIGN_STYLE = Automatic;
				DEVELOPMENT_TEAM = 647QKX74C8;
				INFOPLIST_FILE = Calculator/Info.plist;
				IPHONEOS_DEPLOYMENT_TARGET = 13.0;
				LD_RUNPATH_SEARCH_PATHS = (
					"$(inherited)",
					"@executable_path/Frameworks",
				);
				PRODUCT_BUNDLE_IDENTIFIER = AleixDiaz.Calculator;
				PRODUCT_NAME = "$(TARGET_NAME)";
				SWIFT_OBJC_BRIDGING_HEADER = "";
				SWIFT_VERSION = 5.0;
				TARGETED_DEVICE_FAMILY = "1,2";
			};
			name = Release;
		};
		19BC97F324FFA27F0010007D /* Debug */ = {
			isa = XCBuildConfiguration;
			buildSettings = {
				ALWAYS_EMBED_SWIFT_STANDARD_LIBRARIES = YES;
				BUNDLE_LOADER = "$(TEST_HOST)";
				CODE_SIGN_STYLE = Automatic;
				DEVELOPMENT_TEAM = 647QKX74C8;
				INFOPLIST_FILE = CalculatorTests/Info.plist;
				IPHONEOS_DEPLOYMENT_TARGET = 13.7;
				LD_RUNPATH_SEARCH_PATHS = (
					"$(inherited)",
					"@executable_path/Frameworks",
					"@loader_path/Frameworks",
				);
				PRODUCT_BUNDLE_IDENTIFIER = AleixDiaz.CalculatorTests;
				PRODUCT_NAME = "$(TARGET_NAME)";
				SWIFT_VERSION = 5.0;
				TARGETED_DEVICE_FAMILY = "1,2";
				TEST_HOST = "$(BUILT_PRODUCTS_DIR)/Calculator.app/Calculator";
			};
			name = Debug;
		};
		19BC97F424FFA27F0010007D /* Release */ = {
			isa = XCBuildConfiguration;
			buildSettings = {
				ALWAYS_EMBED_SWIFT_STANDARD_LIBRARIES = YES;
				BUNDLE_LOADER = "$(TEST_HOST)";
				CODE_SIGN_STYLE = Automatic;
				DEVELOPMENT_TEAM = 647QKX74C8;
				INFOPLIST_FILE = CalculatorTests/Info.plist;
				IPHONEOS_DEPLOYMENT_TARGET = 13.7;
				LD_RUNPATH_SEARCH_PATHS = (
					"$(inherited)",
					"@executable_path/Frameworks",
					"@loader_path/Frameworks",
				);
				PRODUCT_BUNDLE_IDENTIFIER = AleixDiaz.CalculatorTests;
				PRODUCT_NAME = "$(TARGET_NAME)";
				SWIFT_VERSION = 5.0;
				TARGETED_DEVICE_FAMILY = "1,2";
				TEST_HOST = "$(BUILT_PRODUCTS_DIR)/Calculator.app/Calculator";
			};
			name = Release;
		};
		19BC97F624FFA27F0010007D /* Debug */ = {
			isa = XCBuildConfiguration;
			buildSettings = {
				ALWAYS_EMBED_SWIFT_STANDARD_LIBRARIES = YES;
				CODE_SIGN_STYLE = Automatic;
				DEVELOPMENT_TEAM = 647QKX74C8;
				INFOPLIST_FILE = CalculatorUITests/Info.plist;
				LD_RUNPATH_SEARCH_PATHS = (
					"$(inherited)",
					"@executable_path/Frameworks",
					"@loader_path/Frameworks",
				);
				PRODUCT_BUNDLE_IDENTIFIER = AleixDiaz.CalculatorUITests;
				PRODUCT_NAME = "$(TARGET_NAME)";
				SWIFT_VERSION = 5.0;
				TARGETED_DEVICE_FAMILY = "1,2";
				TEST_TARGET_NAME = Calculator;
			};
			name = Debug;
		};
		19BC97F724FFA27F0010007D /* Release */ = {
			isa = XCBuildConfiguration;
			buildSettings = {
				ALWAYS_EMBED_SWIFT_STANDARD_LIBRARIES = YES;
				CODE_SIGN_STYLE = Automatic;
				DEVELOPMENT_TEAM = 647QKX74C8;
				INFOPLIST_FILE = CalculatorUITests/Info.plist;
				LD_RUNPATH_SEARCH_PATHS = (
					"$(inherited)",
					"@executable_path/Frameworks",
					"@loader_path/Frameworks",
				);
				PRODUCT_BUNDLE_IDENTIFIER = AleixDiaz.CalculatorUITests;
				PRODUCT_NAME = "$(TARGET_NAME)";
				SWIFT_VERSION = 5.0;
				TARGETED_DEVICE_FAMILY = "1,2";
				TEST_TARGET_NAME = Calculator;
			};
			name = Release;
		};
/* End XCBuildConfiguration section */

/* Begin XCConfigurationList section */
		19BC97C024FFA27C0010007D /* Build configuration list for PBXProject "Calculator" */ = {
			isa = XCConfigurationList;
			buildConfigurations = (
				19BC97ED24FFA27F0010007D /* Debug */,
				19BC97EE24FFA27F0010007D /* Release */,
			);
			defaultConfigurationIsVisible = 0;
			defaultConfigurationName = Release;
		};
		19BC97EF24FFA27F0010007D /* Build configuration list for PBXNativeTarget "Calculator" */ = {
			isa = XCConfigurationList;
			buildConfigurations = (
				19BC97F024FFA27F0010007D /* Debug */,
				19BC97F124FFA27F0010007D /* Release */,
			);
			defaultConfigurationIsVisible = 0;
			defaultConfigurationName = Release;
		};
		19BC97F224FFA27F0010007D /* Build configuration list for PBXNativeTarget "CalculatorTests" */ = {
			isa = XCConfigurationList;
			buildConfigurations = (
				19BC97F324FFA27F0010007D /* Debug */,
				19BC97F424FFA27F0010007D /* Release */,
			);
			defaultConfigurationIsVisible = 0;
			defaultConfigurationName = Release;
		};
		19BC97F524FFA27F0010007D /* Build configuration list for PBXNativeTarget "CalculatorUITests" */ = {
			isa = XCConfigurationList;
			buildConfigurations = (
				19BC97F624FFA27F0010007D /* Debug */,
				19BC97F724FFA27F0010007D /* Release */,
			);
			defaultConfigurationIsVisible = 0;
			defaultConfigurationName = Release;
		};
/* End XCConfigurationList section */
	};
	rootObject = 19BC97BD24FFA27C0010007D /* Project object */;
}
